// !$*UTF8*$!
{
	archiveVersion = 1;
	classes = {
	};
	objectVersion = 77;
	objects = {

/* Begin PBXBuildFile section */
		5B2418D22DE9530D002E8755 /* ComposableArchitecture in Frameworks */ = {isa = PBXBuildFile; productRef = 5B2418D12DE9530D002E8755 /* ComposableArchitecture */; };
		5B2418D52DE953E4002E8755 /* FirebaseCore in Frameworks */ = {isa = PBXBuildFile; productRef = 5B2418D42DE953E4002E8755 /* FirebaseCore */; };
		5B2418D72DE953E4002E8755 /* FirebaseFirestore in Frameworks */ = {isa = PBXBuildFile; productRef = 5B2418D62DE953E4002E8755 /* FirebaseFirestore */; };
		5B375D5D2DEBA22200373AB3 /* FirebaseFirestoreCombine-Community in Frameworks */ = {isa = PBXBuildFile; productRef = 5B375D5C2DEBA22200373AB3 /* FirebaseFirestoreCombine-Community */; };
/* End PBXBuildFile section */

/* Begin PBXContainerItemProxy section */
		5B2418B42DE9520C002E8755 /* PBXContainerItemProxy */ = {
			isa = PBXContainerItemProxy;
			containerPortal = 5B24189B2DE9520A002E8755 /* Project object */;
			proxyType = 1;
			remoteGlobalIDString = 5B2418A22DE9520A002E8755;
			remoteInfo = QuatroBingo;
		};
		5B2418BE2DE9520C002E8755 /* PBXContainerItemProxy */ = {
			isa = PBXContainerItemProxy;
			containerPortal = 5B24189B2DE9520A002E8755 /* Project object */;
			proxyType = 1;
			remoteGlobalIDString = 5B2418A22DE9520A002E8755;
			remoteInfo = QuatroBingo;
		};
/* End PBXContainerItemProxy section */

/* Begin PBXFileReference section */
		5B2418A32DE9520A002E8755 /* QuatroBingo.app */ = {isa = PBXFileReference; explicitFileType = wrapper.application; includeInIndex = 0; path = QuatroBingo.app; sourceTree = BUILT_PRODUCTS_DIR; };
		5B2418B32DE9520C002E8755 /* QuatroBingoTests.xctest */ = {isa = PBXFileReference; explicitFileType = wrapper.cfbundle; includeInIndex = 0; path = QuatroBingoTests.xctest; sourceTree = BUILT_PRODUCTS_DIR; };
		5B2418BD2DE9520C002E8755 /* QuatroBingoUITests.xctest */ = {isa = PBXFileReference; explicitFileType = wrapper.cfbundle; includeInIndex = 0; path = QuatroBingoUITests.xctest; sourceTree = BUILT_PRODUCTS_DIR; };
/* End PBXFileReference section */

/* Begin PBXFileSystemSynchronizedBuildFileExceptionSet section */
		5B5364882DF4788B00872888 /* Exceptions for "QuatroBingo" folder in "QuatroBingo" target */ = {
			isa = PBXFileSystemSynchronizedBuildFileExceptionSet;
			membershipExceptions = (
				Info.plist,
			);
			target = 5B2418A22DE9520A002E8755 /* QuatroBingo */;
		};
/* End PBXFileSystemSynchronizedBuildFileExceptionSet section */

/* Begin PBXFileSystemSynchronizedRootGroup section */
		5B2418A52DE9520A002E8755 /* QuatroBingo */ = {
			isa = PBXFileSystemSynchronizedRootGroup;
			exceptions = (
				5B5364882DF4788B00872888 /* Exceptions for "QuatroBingo" folder in "QuatroBingo" target */,
			);
			path = QuatroBingo;
			sourceTree = "<group>";
		};
		5B2418B62DE9520C002E8755 /* QuatroBingoTests */ = {
			isa = PBXFileSystemSynchronizedRootGroup;
			path = QuatroBingoTests;
			sourceTree = "<group>";
		};
		5B2418C02DE9520C002E8755 /* QuatroBingoUITests */ = {
			isa = PBXFileSystemSynchronizedRootGroup;
			path = QuatroBingoUITests;
			sourceTree = "<group>";
		};
/* End PBXFileSystemSynchronizedRootGroup section */

/* Begin PBXFrameworksBuildPhase section */
		5B2418A02DE9520A002E8755 /* Frameworks */ = {
			isa = PBXFrameworksBuildPhase;
			buildActionMask = 2147483647;
			files = (
				5B2418D52DE953E4002E8755 /* FirebaseCore in Frameworks */,
				5B375D5D2DEBA22200373AB3 /* FirebaseFirestoreCombine-Community in Frameworks */,
				5B2418D22DE9530D002E8755 /* ComposableArchitecture in Frameworks */,
				5B2418D72DE953E4002E8755 /* FirebaseFirestore in Frameworks */,
			);
			runOnlyForDeploymentPostprocessing = 0;
		};
		5B2418B02DE9520C002E8755 /* Frameworks */ = {
			isa = PBXFrameworksBuildPhase;
			buildActionMask = 2147483647;
			files = (
			);
			runOnlyForDeploymentPostprocessing = 0;
		};
		5B2418BA2DE9520C002E8755 /* Frameworks */ = {
			isa = PBXFrameworksBuildPhase;
			buildActionMask = 2147483647;
			files = (
			);
			runOnlyForDeploymentPostprocessing = 0;
		};
/* End PBXFrameworksBuildPhase section */

/* Begin PBXGroup section */
		5B24189A2DE9520A002E8755 = {
			isa = PBXGroup;
			children = (
				5B2418A52DE9520A002E8755 /* QuatroBingo */,
				5B2418B62DE9520C002E8755 /* QuatroBingoTests */,
				5B2418C02DE9520C002E8755 /* QuatroBingoUITests */,
				5B375D5B2DEBA22200373AB3 /* Frameworks */,
				5B2418A42DE9520A002E8755 /* Products */,
			);
			sourceTree = "<group>";
		};
		5B2418A42DE9520A002E8755 /* Products */ = {
			isa = PBXGroup;
			children = (
				5B2418A32DE9520A002E8755 /* QuatroBingo.app */,
				5B2418B32DE9520C002E8755 /* QuatroBingoTests.xctest */,
				5B2418BD2DE9520C002E8755 /* QuatroBingoUITests.xctest */,
			);
			name = Products;
			sourceTree = "<group>";
		};
		5B375D5B2DEBA22200373AB3 /* Frameworks */ = {
			isa = PBXGroup;
			children = (
			);
			name = Frameworks;
			sourceTree = "<group>";
		};
/* End PBXGroup section */

/* Begin PBXNativeTarget section */
		5B2418A22DE9520A002E8755 /* QuatroBingo */ = {
			isa = PBXNativeTarget;
			buildConfigurationList = 5B2418C72DE9520C002E8755 /* Build configuration list for PBXNativeTarget "QuatroBingo" */;
			buildPhases = (
				5B24189F2DE9520A002E8755 /* Sources */,
				5B2418A02DE9520A002E8755 /* Frameworks */,
				5B2418A12DE9520A002E8755 /* Resources */,
			);
			buildRules = (
			);
			dependencies = (
			);
			fileSystemSynchronizedGroups = (
				5B2418A52DE9520A002E8755 /* QuatroBingo */,
			);
			name = QuatroBingo;
			packageProductDependencies = (
				5B2418D12DE9530D002E8755 /* ComposableArchitecture */,
				5B2418D42DE953E4002E8755 /* FirebaseCore */,
				5B2418D62DE953E4002E8755 /* FirebaseFirestore */,
				5B375D5C2DEBA22200373AB3 /* FirebaseFirestoreCombine-Community */,
			);
			productName = QuatroBingo;
			productReference = 5B2418A32DE9520A002E8755 /* QuatroBingo.app */;
			productType = "com.apple.product-type.application";
		};
		5B2418B22DE9520C002E8755 /* QuatroBingoTests */ = {
			isa = PBXNativeTarget;
			buildConfigurationList = 5B2418CA2DE9520C002E8755 /* Build configuration list for PBXNativeTarget "QuatroBingoTests" */;
			buildPhases = (
				5B2418AF2DE9520C002E8755 /* Sources */,
				5B2418B02DE9520C002E8755 /* Frameworks */,
				5B2418B12DE9520C002E8755 /* Resources */,
			);
			buildRules = (
			);
			dependencies = (
				5B2418B52DE9520C002E8755 /* PBXTargetDependency */,
			);
			fileSystemSynchronizedGroups = (
				5B2418B62DE9520C002E8755 /* QuatroBingoTests */,
			);
			name = QuatroBingoTests;
			packageProductDependencies = (
			);
			productName = QuatroBingoTests;
			productReference = 5B2418B32DE9520C002E8755 /* QuatroBingoTests.xctest */;
			productType = "com.apple.product-type.bundle.unit-test";
		};
		5B2418BC2DE9520C002E8755 /* QuatroBingoUITests */ = {
			isa = PBXNativeTarget;
			buildConfigurationList = 5B2418CD2DE9520C002E8755 /* Build configuration list for PBXNativeTarget "QuatroBingoUITests" */;
			buildPhases = (
				5B2418B92DE9520C002E8755 /* Sources */,
				5B2418BA2DE9520C002E8755 /* Frameworks */,
				5B2418BB2DE9520C002E8755 /* Resources */,
			);
			buildRules = (
			);
			dependencies = (
				5B2418BF2DE9520C002E8755 /* PBXTargetDependency */,
			);
			fileSystemSynchronizedGroups = (
				5B2418C02DE9520C002E8755 /* QuatroBingoUITests */,
			);
			name = QuatroBingoUITests;
			packageProductDependencies = (
			);
			productName = QuatroBingoUITests;
			productReference = 5B2418BD2DE9520C002E8755 /* QuatroBingoUITests.xctest */;
			productType = "com.apple.product-type.bundle.ui-testing";
		};
/* End PBXNativeTarget section */

/* Begin PBXProject section */
		5B24189B2DE9520A002E8755 /* Project object */ = {
			isa = PBXProject;
			attributes = {
				BuildIndependentTargetsInParallel = 1;
				LastSwiftUpdateCheck = 1610;
				LastUpgradeCheck = 1610;
				TargetAttributes = {
					5B2418A22DE9520A002E8755 = {
						CreatedOnToolsVersion = 16.1;
					};
					5B2418B22DE9520C002E8755 = {
						CreatedOnToolsVersion = 16.1;
						TestTargetID = 5B2418A22DE9520A002E8755;
					};
					5B2418BC2DE9520C002E8755 = {
						CreatedOnToolsVersion = 16.1;
						TestTargetID = 5B2418A22DE9520A002E8755;
					};
				};
			};
			buildConfigurationList = 5B24189E2DE9520A002E8755 /* Build configuration list for PBXProject "QuatroBingo" */;
			developmentRegion = en;
			hasScannedForEncodings = 0;
			knownRegions = (
				en,
				Base,
			);
			mainGroup = 5B24189A2DE9520A002E8755;
			minimizedProjectReferenceProxies = 1;
			packageReferences = (
				5B2418D02DE9530D002E8755 /* XCRemoteSwiftPackageReference "swift-composable-architecture" */,
				5B2418D32DE953E4002E8755 /* XCRemoteSwiftPackageReference "firebase-ios-sdk" */,
			);
			preferredProjectObjectVersion = 77;
			productRefGroup = 5B2418A42DE9520A002E8755 /* Products */;
			projectDirPath = "";
			projectRoot = "";
			targets = (
				5B2418A22DE9520A002E8755 /* QuatroBingo */,
				5B2418B22DE9520C002E8755 /* QuatroBingoTests */,
				5B2418BC2DE9520C002E8755 /* QuatroBingoUITests */,
			);
		};
/* End PBXProject section */

/* Begin PBXResourcesBuildPhase section */
		5B2418A12DE9520A002E8755 /* Resources */ = {
			isa = PBXResourcesBuildPhase;
			buildActionMask = 2147483647;
			files = (
			);
			runOnlyForDeploymentPostprocessing = 0;
		};
		5B2418B12DE9520C002E8755 /* Resources */ = {
			isa = PBXResourcesBuildPhase;
			buildActionMask = 2147483647;
			files = (
			);
			runOnlyForDeploymentPostprocessing = 0;
		};
		5B2418BB2DE9520C002E8755 /* Resources */ = {
			isa = PBXResourcesBuildPhase;
			buildActionMask = 2147483647;
			files = (
			);
			runOnlyForDeploymentPostprocessing = 0;
		};
/* End PBXResourcesBuildPhase section */

/* Begin PBXSourcesBuildPhase section */
		5B24189F2DE9520A002E8755 /* Sources */ = {
			isa = PBXSourcesBuildPhase;
			buildActionMask = 2147483647;
			files = (
			);
			runOnlyForDeploymentPostprocessing = 0;
		};
		5B2418AF2DE9520C002E8755 /* Sources */ = {
			isa = PBXSourcesBuildPhase;
			buildActionMask = 2147483647;
			files = (
			);
			runOnlyForDeploymentPostprocessing = 0;
		};
		5B2418B92DE9520C002E8755 /* Sources */ = {
			isa = PBXSourcesBuildPhase;
			buildActionMask = 2147483647;
			files = (
			);
			runOnlyForDeploymentPostprocessing = 0;
		};
/* End PBXSourcesBuildPhase section */

/* Begin PBXTargetDependency section */
		5B2418B52DE9520C002E8755 /* PBXTargetDependency */ = {
			isa = PBXTargetDependency;
			target = 5B2418A22DE9520A002E8755 /* QuatroBingo */;
			targetProxy = 5B2418B42DE9520C002E8755 /* PBXContainerItemProxy */;
		};
		5B2418BF2DE9520C002E8755 /* PBXTargetDependency */ = {
			isa = PBXTargetDependency;
			target = 5B2418A22DE9520A002E8755 /* QuatroBingo */;
			targetProxy = 5B2418BE2DE9520C002E8755 /* PBXContainerItemProxy */;
		};
/* End PBXTargetDependency section */

/* Begin XCBuildConfiguration section */
		5B2418C52DE9520C002E8755 /* Debug */ = {
			isa = XCBuildConfiguration;
			buildSettings = {
				ALWAYS_SEARCH_USER_PATHS = NO;
				ASSETCATALOG_COMPILER_GENERATE_SWIFT_ASSET_SYMBOL_EXTENSIONS = YES;
				CLANG_ANALYZER_NONNULL = YES;
				CLANG_ANALYZER_NUMBER_OBJECT_CONVERSION = YES_AGGRESSIVE;
				CLANG_CXX_LANGUAGE_STANDARD = "gnu++20";
				CLANG_ENABLE_MODULES = YES;
				CLANG_ENABLE_OBJC_ARC = YES;
				CLANG_ENABLE_OBJC_WEAK = YES;
				CLANG_WARN_BLOCK_CAPTURE_AUTORELEASING = YES;
				CLANG_WARN_BOOL_CONVERSION = YES;
				CLANG_WARN_COMMA = YES;
				CLANG_WARN_CONSTANT_CONVERSION = YES;
				CLANG_WARN_DEPRECATED_OBJC_IMPLEMENTATIONS = YES;
				CLANG_WARN_DIRECT_OBJC_ISA_USAGE = YES_ERROR;
				CLANG_WARN_DOCUMENTATION_COMMENTS = YES;
				CLANG_WARN_EMPTY_BODY = YES;
				CLANG_WARN_ENUM_CONVERSION = YES;
				CLANG_WARN_INFINITE_RECURSION = YES;
				CLANG_WARN_INT_CONVERSION = YES;
				CLANG_WARN_NON_LITERAL_NULL_CONVERSION = YES;
				CLANG_WARN_OBJC_IMPLICIT_RETAIN_SELF = YES;
				CLANG_WARN_OBJC_LITERAL_CONVERSION = YES;
				CLANG_WARN_OBJC_ROOT_CLASS = YES_ERROR;
				CLANG_WARN_QUOTED_INCLUDE_IN_FRAMEWORK_HEADER = YES;
				CLANG_WARN_RANGE_LOOP_ANALYSIS = YES;
				CLANG_WARN_STRICT_PROTOTYPES = YES;
				CLANG_WARN_SUSPICIOUS_MOVE = YES;
				CLANG_WARN_UNGUARDED_AVAILABILITY = YES_AGGRESSIVE;
				CLANG_WARN_UNREACHABLE_CODE = YES;
				CLANG_WARN__DUPLICATE_METHOD_MATCH = YES;
				COPY_PHASE_STRIP = NO;
				DEBUG_INFORMATION_FORMAT = dwarf;
				ENABLE_STRICT_OBJC_MSGSEND = YES;
				ENABLE_TESTABILITY = YES;
				ENABLE_USER_SCRIPT_SANDBOXING = YES;
				GCC_C_LANGUAGE_STANDARD = gnu17;
				GCC_DYNAMIC_NO_PIC = NO;
				GCC_NO_COMMON_BLOCKS = YES;
				GCC_OPTIMIZATION_LEVEL = 0;
				GCC_PREPROCESSOR_DEFINITIONS = (
					"DEBUG=1",
					"$(inherited)",
				);
				GCC_WARN_64_TO_32_BIT_CONVERSION = YES;
				GCC_WARN_ABOUT_RETURN_TYPE = YES_ERROR;
				GCC_WARN_UNDECLARED_SELECTOR = YES;
				GCC_WARN_UNINITIALIZED_AUTOS = YES_AGGRESSIVE;
				GCC_WARN_UNUSED_FUNCTION = YES;
				GCC_WARN_UNUSED_VARIABLE = YES;
				IPHONEOS_DEPLOYMENT_TARGET = 18.1;
				LOCALIZATION_PREFERS_STRING_CATALOGS = YES;
				MTL_ENABLE_DEBUG_INFO = INCLUDE_SOURCE;
				MTL_FAST_MATH = YES;
				ONLY_ACTIVE_ARCH = YES;
				SDKROOT = iphoneos;
				SWIFT_ACTIVE_COMPILATION_CONDITIONS = "DEBUG $(inherited)";
				SWIFT_OPTIMIZATION_LEVEL = "-Onone";
			};
			name = Debug;
		};
		5B2418C62DE9520C002E8755 /* Release */ = {
			isa = XCBuildConfiguration;
			buildSettings = {
				ALWAYS_SEARCH_USER_PATHS = NO;
				ASSETCATALOG_COMPILER_GENERATE_SWIFT_ASSET_SYMBOL_EXTENSIONS = YES;
				CLANG_ANALYZER_NONNULL = YES;
				CLANG_ANALYZER_NUMBER_OBJECT_CONVERSION = YES_AGGRESSIVE;
				CLANG_CXX_LANGUAGE_STANDARD = "gnu++20";
				CLANG_ENABLE_MODULES = YES;
				CLANG_ENABLE_OBJC_ARC = YES;
				CLANG_ENABLE_OBJC_WEAK = YES;
				CLANG_WARN_BLOCK_CAPTURE_AUTORELEASING = YES;
				CLANG_WARN_BOOL_CONVERSION = YES;
				CLANG_WARN_COMMA = YES;
				CLANG_WARN_CONSTANT_CONVERSION = YES;
				CLANG_WARN_DEPRECATED_OBJC_IMPLEMENTATIONS = YES;
				CLANG_WARN_DIRECT_OBJC_ISA_USAGE = YES_ERROR;
				CLANG_WARN_DOCUMENTATION_COMMENTS = YES;
				CLANG_WARN_EMPTY_BODY = YES;
				CLANG_WARN_ENUM_CONVERSION = YES;
				CLANG_WARN_INFINITE_RECURSION = YES;
				CLANG_WARN_INT_CONVERSION = YES;
				CLANG_WARN_NON_LITERAL_NULL_CONVERSION = YES;
				CLANG_WARN_OBJC_IMPLICIT_RETAIN_SELF = YES;
				CLANG_WARN_OBJC_LITERAL_CONVERSION = YES;
				CLANG_WARN_OBJC_ROOT_CLASS = YES_ERROR;
				CLANG_WARN_QUOTED_INCLUDE_IN_FRAMEWORK_HEADER = YES;
				CLANG_WARN_RANGE_LOOP_ANALYSIS = YES;
				CLANG_WARN_STRICT_PROTOTYPES = YES;
				CLANG_WARN_SUSPICIOUS_MOVE = YES;
				CLANG_WARN_UNGUARDED_AVAILABILITY = YES_AGGRESSIVE;
				CLANG_WARN_UNREACHABLE_CODE = YES;
				CLANG_WARN__DUPLICATE_METHOD_MATCH = YES;
				COPY_PHASE_STRIP = NO;
				DEBUG_INFORMATION_FORMAT = "dwarf-with-dsym";
				ENABLE_NS_ASSERTIONS = NO;
				ENABLE_STRICT_OBJC_MSGSEND = YES;
				ENABLE_USER_SCRIPT_SANDBOXING = YES;
				GCC_C_LANGUAGE_STANDARD = gnu17;
				GCC_NO_COMMON_BLOCKS = YES;
				GCC_WARN_64_TO_32_BIT_CONVERSION = YES;
				GCC_WARN_ABOUT_RETURN_TYPE = YES_ERROR;
				GCC_WARN_UNDECLARED_SELECTOR = YES;
				GCC_WARN_UNINITIALIZED_AUTOS = YES_AGGRESSIVE;
				GCC_WARN_UNUSED_FUNCTION = YES;
				GCC_WARN_UNUSED_VARIABLE = YES;
				IPHONEOS_DEPLOYMENT_TARGET = 18.1;
				LOCALIZATION_PREFERS_STRING_CATALOGS = YES;
				MTL_ENABLE_DEBUG_INFO = NO;
				MTL_FAST_MATH = YES;
				SDKROOT = iphoneos;
				SWIFT_COMPILATION_MODE = wholemodule;
				VALIDATE_PRODUCT = YES;
			};
			name = Release;
		};
		5B2418C82DE9520C002E8755 /* Debug */ = {
			isa = XCBuildConfiguration;
			buildSettings = {
				ASSETCATALOG_COMPILER_APPICON_NAME = AppIcon;
				ASSETCATALOG_COMPILER_GLOBAL_ACCENT_COLOR_NAME = AccentColor;
				CODE_SIGN_ENTITLEMENTS = QuatroBingo/QuatroBingoDebug.entitlements;
				CODE_SIGN_STYLE = Automatic;
				CURRENT_PROJECT_VERSION = 1;
				DEVELOPMENT_ASSET_PATHS = "\"QuatroBingo/Preview Content\"";
				DEVELOPMENT_TEAM = QRB568C47A;
				ENABLE_PREVIEWS = YES;
				GENERATE_INFOPLIST_FILE = YES;
				INFOPLIST_FILE = QuatroBingo/Info.plist;
				INFOPLIST_KEY_CFBundleDisplayName = UmBingo;
				INFOPLIST_KEY_LSApplicationCategoryType = "public.app-category.games";
				INFOPLIST_KEY_UIApplicationSceneManifest_Generation = YES;
				INFOPLIST_KEY_UIApplicationSupportsIndirectInputEvents = YES;
				INFOPLIST_KEY_UILaunchScreen_Generation = YES;
				INFOPLIST_KEY_UISupportedInterfaceOrientations_iPad = "UIInterfaceOrientationPortrait UIInterfaceOrientationPortraitUpsideDown UIInterfaceOrientationLandscapeLeft UIInterfaceOrientationLandscapeRight";
				INFOPLIST_KEY_UISupportedInterfaceOrientations_iPhone = "UIInterfaceOrientationPortrait UIInterfaceOrientationLandscapeLeft UIInterfaceOrientationLandscapeRight";
				INFOPLIST_KEY_UIUserInterfaceStyle = Dark;
				LD_RUNPATH_SEARCH_PATHS = (
					"$(inherited)",
					"@executable_path/Frameworks",
				);
				MARKETING_VERSION = 3.14;
				PRODUCT_BUNDLE_IDENTIFIER = paula.quatro.bingo.agora.vai1;
				PRODUCT_NAME = "$(TARGET_NAME)";
				SWIFT_EMIT_LOC_STRINGS = YES;
				SWIFT_VERSION = 5.0;
				TARGETED_DEVICE_FAMILY = "1,2";
			};
			name = Debug;
		};
		5B2418C92DE9520C002E8755 /* Release */ = {
			isa = XCBuildConfiguration;
			buildSettings = {
				ASSETCATALOG_COMPILER_APPICON_NAME = AppIcon;
				ASSETCATALOG_COMPILER_GLOBAL_ACCENT_COLOR_NAME = AccentColor;
				CODE_SIGN_STYLE = Automatic;
				CURRENT_PROJECT_VERSION = 1;
				DEVELOPMENT_ASSET_PATHS = "\"QuatroBingo/Preview Content\"";
				DEVELOPMENT_TEAM = QRB568C47A;
				ENABLE_PREVIEWS = YES;
				GENERATE_INFOPLIST_FILE = YES;
				INFOPLIST_FILE = QuatroBingo/Info.plist;
				INFOPLIST_KEY_CFBundleDisplayName = UmBingo;
				INFOPLIST_KEY_LSApplicationCategoryType = "public.app-category.games";
				INFOPLIST_KEY_UIApplicationSceneManifest_Generation = YES;
				INFOPLIST_KEY_UIApplicationSupportsIndirectInputEvents = YES;
				INFOPLIST_KEY_UILaunchScreen_Generation = YES;
				INFOPLIST_KEY_UISupportedInterfaceOrientations_iPad = "UIInterfaceOrientationPortrait UIInterfaceOrientationPortraitUpsideDown UIInterfaceOrientationLandscapeLeft UIInterfaceOrientationLandscapeRight";
				INFOPLIST_KEY_UISupportedInterfaceOrientations_iPhone = "UIInterfaceOrientationPortrait UIInterfaceOrientationLandscapeLeft UIInterfaceOrientationLandscapeRight";
				INFOPLIST_KEY_UIUserInterfaceStyle = Dark;
				LD_RUNPATH_SEARCH_PATHS = (
					"$(inherited)",
					"@executable_path/Frameworks",
				);
				MARKETING_VERSION = 3.14;
				PRODUCT_BUNDLE_IDENTIFIER = paula.quatro.bingo.agora.vai1;
				PRODUCT_NAME = "$(TARGET_NAME)";
				SWIFT_EMIT_LOC_STRINGS = YES;
				SWIFT_VERSION = 5.0;
				TARGETED_DEVICE_FAMILY = "1,2";
			};
			name = Release;
		};
		5B2418CB2DE9520C002E8755 /* Debug */ = {
			isa = XCBuildConfiguration;
			buildSettings = {
				BUNDLE_LOADER = "$(TEST_HOST)";
				CODE_SIGN_STYLE = Automatic;
				CURRENT_PROJECT_VERSION = 1;
				DEVELOPMENT_TEAM = WK7599VNDW;
				GENERATE_INFOPLIST_FILE = YES;
				IPHONEOS_DEPLOYMENT_TARGET = 18.1;
				MARKETING_VERSION = 1.0;
				PRODUCT_BUNDLE_IDENTIFIER = sailormoon.QuatroBingoTests;
				PRODUCT_NAME = "$(TARGET_NAME)";
				SWIFT_EMIT_LOC_STRINGS = NO;
				SWIFT_VERSION = 5.0;
				TARGETED_DEVICE_FAMILY = "1,2";
				TEST_HOST = "$(BUILT_PRODUCTS_DIR)/QuatroBingo.app/$(BUNDLE_EXECUTABLE_FOLDER_PATH)/QuatroBingo";
			};
			name = Debug;
		};
		5B2418CC2DE9520C002E8755 /* Release */ = {
			isa = XCBuildConfiguration;
			buildSettings = {
				BUNDLE_LOADER = "$(TEST_HOST)";
				CODE_SIGN_STYLE = Automatic;
				CURRENT_PROJECT_VERSION = 1;
				DEVELOPMENT_TEAM = WK7599VNDW;
				GENERATE_INFOPLIST_FILE = YES;
				IPHONEOS_DEPLOYMENT_TARGET = 18.1;
				MARKETING_VERSION = 1.0;
				PRODUCT_BUNDLE_IDENTIFIER = sailormoon.QuatroBingoTests;
				PRODUCT_NAME = "$(TARGET_NAME)";
				SWIFT_EMIT_LOC_STRINGS = NO;
				SWIFT_VERSION = 5.0;
				TARGETED_DEVICE_FAMILY = "1,2";
				TEST_HOST = "$(BUILT_PRODUCTS_DIR)/QuatroBingo.app/$(BUNDLE_EXECUTABLE_FOLDER_PATH)/QuatroBingo";
			};
			name = Release;
		};
		5B2418CE2DE9520C002E8755 /* Debug */ = {
			isa = XCBuildConfiguration;
			buildSettings = {
				CODE_SIGN_STYLE = Automatic;
				CURRENT_PROJECT_VERSION = 1;
				DEVELOPMENT_TEAM = WK7599VNDW;
				GENERATE_INFOPLIST_FILE = YES;
				MARKETING_VERSION = 1.0;
				PRODUCT_BUNDLE_IDENTIFIER = sailormoon.QuatroBingoUITests;
				PRODUCT_NAME = "$(TARGET_NAME)";
				SWIFT_EMIT_LOC_STRINGS = NO;
				SWIFT_VERSION = 5.0;
				TARGETED_DEVICE_FAMILY = "1,2";
				TEST_TARGET_NAME = QuatroBingo;
			};
			name = Debug;
		};
		5B2418CF2DE9520C002E8755 /* Release */ = {
			isa = XCBuildConfiguration;
			buildSettings = {
				CODE_SIGN_STYLE = Automatic;
				CURRENT_PROJECT_VERSION = 1;
				DEVELOPMENT_TEAM = WK7599VNDW;
				GENERATE_INFOPLIST_FILE = YES;
				MARKETING_VERSION = 1.0;
				PRODUCT_BUNDLE_IDENTIFIER = sailormoon.QuatroBingoUITests;
				PRODUCT_NAME = "$(TARGET_NAME)";
				SWIFT_EMIT_LOC_STRINGS = NO;
				SWIFT_VERSION = 5.0;
				TARGETED_DEVICE_FAMILY = "1,2";
				TEST_TARGET_NAME = QuatroBingo;
			};
			name = Release;
		};
/* End XCBuildConfiguration section */

/* Begin XCConfigurationList section */
		5B24189E2DE9520A002E8755 /* Build configuration list for PBXProject "QuatroBingo" */ = {
			isa = XCConfigurationList;
			buildConfigurations = (
				5B2418C52DE9520C002E8755 /* Debug */,
				5B2418C62DE9520C002E8755 /* Release */,
			);
			defaultConfigurationIsVisible = 0;
			defaultConfigurationName = Release;
		};
		5B2418C72DE9520C002E8755 /* Build configuration list for PBXNativeTarget "QuatroBingo" */ = {
			isa = XCConfigurationList;
			buildConfigurations = (
				5B2418C82DE9520C002E8755 /* Debug */,
				5B2418C92DE9520C002E8755 /* Release */,
			);
			defaultConfigurationIsVisible = 0;
			defaultConfigurationName = Release;
		};
		5B2418CA2DE9520C002E8755 /* Build configuration list for PBXNativeTarget "QuatroBingoTests" */ = {
			isa = XCConfigurationList;
			buildConfigurations = (
				5B2418CB2DE9520C002E8755 /* Debug */,
				5B2418CC2DE9520C002E8755 /* Release */,
			);
			defaultConfigurationIsVisible = 0;
			defaultConfigurationName = Release;
		};
		5B2418CD2DE9520C002E8755 /* Build configuration list for PBXNativeTarget "QuatroBingoUITests" */ = {
			isa = XCConfigurationList;
			buildConfigurations = (
				5B2418CE2DE9520C002E8755 /* Debug */,
				5B2418CF2DE9520C002E8755 /* Release */,
			);
			defaultConfigurationIsVisible = 0;
			defaultConfigurationName = Release;
		};
/* End XCConfigurationList section */

/* Begin XCRemoteSwiftPackageReference section */
		5B2418D02DE9530D002E8755 /* XCRemoteSwiftPackageReference "swift-composable-architecture" */ = {
			isa = XCRemoteSwiftPackageReference;
			repositoryURL = "https://github.com/MarcosChevis/swift-composable-architecture";
			requirement = {
				branch = main;
				kind = branch;
			};
		};
		5B2418D32DE953E4002E8755 /* XCRemoteSwiftPackageReference "firebase-ios-sdk" */ = {
			isa = XCRemoteSwiftPackageReference;
			repositoryURL = "https://github.com/firebase/firebase-ios-sdk";
			requirement = {
				kind = upToNextMajorVersion;
				minimumVersion = 11.13.0;
			};
		};
/* End XCRemoteSwiftPackageReference section */

/* Begin XCSwiftPackageProductDependency section */
		5B2418D12DE9530D002E8755 /* ComposableArchitecture */ = {
			isa = XCSwiftPackageProductDependency;
			package = 5B2418D02DE9530D002E8755 /* XCRemoteSwiftPackageReference "swift-composable-architecture" */;
			productName = ComposableArchitecture;
		};
		5B2418D42DE953E4002E8755 /* FirebaseCore */ = {
			isa = XCSwiftPackageProductDependency;
			package = 5B2418D32DE953E4002E8755 /* XCRemoteSwiftPackageReference "firebase-ios-sdk" */;
			productName = FirebaseCore;
		};
		5B2418D62DE953E4002E8755 /* FirebaseFirestore */ = {
			isa = XCSwiftPackageProductDependency;
			package = 5B2418D32DE953E4002E8755 /* XCRemoteSwiftPackageReference "firebase-ios-sdk" */;
			productName = FirebaseFirestore;
		};
		5B375D5C2DEBA22200373AB3 /* FirebaseFirestoreCombine-Community */ = {
			isa = XCSwiftPackageProductDependency;
			package = 5B2418D32DE953E4002E8755 /* XCRemoteSwiftPackageReference "firebase-ios-sdk" */;
			productName = "FirebaseFirestoreCombine-Community";
		};
/* End XCSwiftPackageProductDependency section */
	};
	rootObject = 5B24189B2DE9520A002E8755 /* Project object */;
}
